
Microsoft Visual Studio Solution File, Format Version 12.00
# Visual Studio Version 17
VisualStudioVersion = 17.1.32210.238
MinimumVisualStudioVersion = 10.0.40219.1
Project("{8BC9CEB8-8B4A-11D0-8D11-00A0C91BC942}") = "EX_01", "EX_01\EX_01.vcxproj", "{19E92E2D-2F27-40BF-BE58-79072717D7AD}"
EndProject
Project("{8BC9CEB8-8B4A-11D0-8D11-00A0C91BC942}") = "EX_02", "EX_02\EX_02.vcxproj", "{7A474100-ACA3-475D-B2BE-D2D0F5A0C72A}"
EndProject
Project("{8BC9CEB8-8B4A-11D0-8D11-00A0C91BC942}") = "EX_03", "EX_03\EX_03.vcxproj", "{B81D91A7-ED00-4C54-A7A3-C4AAC62BED8C}"
EndProject
Global
	GlobalSection(SolutionConfigurationPlatforms) = preSolution
		Debug|x64 = Debug|x64
		Debug|x86 = Debug|x86
		Release|x64 = Release|x64
		Release|x86 = Release|x86
	EndGlobalSection
	GlobalSection(ProjectConfigurationPlatforms) = postSolution
		{19E92E2D-2F27-40BF-BE58-79072717D7AD}.Debug|x64.ActiveCfg = Debug|x64
		{19E92E2D-2F27-40BF-BE58-79072717D7AD}.Debug|x64.Build.0 = Debug|x64
		{19E92E2D-2F27-40BF-BE58-79072717D7AD}.Debug|x86.ActiveCfg = Debug|Win32
		{19E92E2D-2F27-40BF-BE58-79072717D7AD}.Debug|x86.Build.0 = Debug|Win32
		{19E92E2D-2F27-40BF-BE58-79072717D7AD}.Release|x64.ActiveCfg = Release|x64
		{19E92E2D-2F27-40BF-BE58-79072717D7AD}.Release|x64.Build.0 = Release|x64
		{19E92E2D-2F27-40BF-BE58-79072717D7AD}.Release|x86.ActiveCfg = Release|Win32
		{19E92E2D-2F27-40BF-BE58-79072717D7AD}.Release|x86.Build.0 = Release|Win32
		{7A474100-ACA3-475D-B2BE-D2D0F5A0C72A}.Debug|x64.ActiveCfg = Debug|x64
		{7A474100-ACA3-475D-B2BE-D2D0F5A0C72A}.Debug|x64.Build.0 = Debug|x64
		{7A474100-ACA3-475D-B2BE-D2D0F5A0C72A}.Debug|x86.ActiveCfg = Debug|Win32
		{7A474100-ACA3-475D-B2BE-D2D0F5A0C72A}.Debug|x86.Build.0 = Debug|Win32
		{7A474100-ACA3-475D-B2BE-D2D0F5A0C72A}.Release|x64.ActiveCfg = Release|x64
		{7A474100-ACA3-475D-B2BE-D2D0F5A0C72A}.Release|x64.Build.0 = Release|x64
		{7A474100-ACA3-475D-B2BE-D2D0F5A0C72A}.Release|x86.ActiveCfg = Release|Win32
		{7A474100-ACA3-475D-B2BE-D2D0F5A0C72A}.Release|x86.Build.0 = Release|Win32
		{B81D91A7-ED00-4C54-A7A3-C4AAC62BED8C}.Debug|x64.ActiveCfg = Debug|x64
		{B81D91A7-ED00-4C54-A7A3-C4AAC62BED8C}.Debug|x64.Build.0 = Debug|x64
		{B81D91A7-ED00-4C54-A7A3-C4AAC62BED8C}.Debug|x86.ActiveCfg = Debug|Win32
		{B81D91A7-ED00-4C54-A7A3-C4AAC62BED8C}.Debug|x86.Build.0 = Debug|Win32
		{B81D91A7-ED00-4C54-A7A3-C4AAC62BED8C}.Release|x64.ActiveCfg = Release|x64
		{B81D91A7-ED00-4C54-A7A3-C4AAC62BED8C}.Release|x64.Build.0 = Release|x64
		{B81D91A7-ED00-4C54-A7A3-C4AAC62BED8C}.Release|x86.ActiveCfg = Release|Win32
		{B81D91A7-ED00-4C54-A7A3-C4AAC62BED8C}.Release|x86.Build.0 = Release|Win32
	EndGlobalSection
	GlobalSection(SolutionProperties) = preSolution
		HideSolutionNode = FALSE
	EndGlobalSection
	GlobalSection(ExtensibilityGlobals) = postSolution
		SolutionGuid = {DEA1A5D7-3EEF-4D7F-929E-C2EB5B4C462E}
	EndGlobalSection
EndGlobal
